---
lockVersion: 1.0.0
dependencies:
  codeql/cpp-all:
    version: 1.4.2
  codeql/dataflow:
    version: 1.1.1
  codeql/mad:
    version: 1.0.7
  codeql/rangeanalysis:
    version: 1.0.7
  codeql/ssa:
    version: 1.0.7
  codeql/tutorial:
    version: 1.0.7
  codeql/typeflow:
    version: 1.0.7
  codeql/typetracking:
    version: 1.0.7
  codeql/util:
    version: 1.0.7
  codeql/xml:
    version: 1.0.7
compiled: false
