---
lockVersion: 1.0.0
dependencies:
  codeql/cpp-all:
    version: 0.12.2
  codeql/dataflow:
    version: 0.1.5
  codeql/rangeanalysis:
    version: 0.0.4
  codeql/ssa:
    version: 0.2.5
  codeql/tutorial:
    version: 0.2.5
  codeql/typetracking:
    version: 0.2.5
  codeql/util:
    version: 0.2.5
compiled: false
