---
lockVersion: 1.0.0
dependencies:
  codeql/controlflow:
    version: 2.0.16
  codeql/cpp-all:
    version: 5.6.1
  codeql/dataflow:
    version: 2.0.16
  codeql/mad:
    version: 1.0.32
  codeql/quantum:
    version: 0.0.10
  codeql/rangeanalysis:
    version: 1.0.32
  codeql/ssa:
    version: 2.0.8
  codeql/tutorial:
    version: 1.0.32
  codeql/typeflow:
    version: 1.0.32
  codeql/typetracking:
    version: 2.0.16
  codeql/util:
    version: 2.0.19
  codeql/xml:
    version: 1.0.32
compiled: false
